
Microsoft Visual Studio Solution File, Format Version 12.00
# Visual Studio 14
VisualStudioVersion = 14.0.25123.0
MinimumVisualStudioVersion = 10.0.40219.1
Project("{2150E333-8FDC-42A3-9474-1A3956D46DE8}") = "Solution Items", "Solution Items", "{015AC515-17C0-4E41-AA45-434C4A01DB76}"
	ProjectSection(SolutionItems) = preProject
		.gitignore = .gitignore
		LICENSE.md = LICENSE.md
		README.md = README.md
	EndProjectSection
EndProject
Project("{FAE04EC0-301F-11D3-BF4B-00C04F79EFBC}") = "BufferedDataReaderDotNet", "BufferedDataReaderDotNet\BufferedDataReaderDotNet.csproj", "{1B51CBB1-D48C-4A4B-804C-44113849D153}"
EndProject
Project("{FAE04EC0-301F-11D3-BF4B-00C04F79EFBC}") = "BufferedDataReaderDotNet.IntegrationTests", "BufferedDataReaderDotNet.IntegrationTests\BufferedDataReaderDotNet.IntegrationTests.csproj", "{07A7698F-3F88-4ECC-B449-5487E6E8F28F}"
EndProject
Project("{FAE04EC0-301F-11D3-BF4B-00C04F79EFBC}") = "BufferedDataReaderDotNet.UnitTests", "BufferedDataReaderDotNet.UnitTests\BufferedDataReaderDotNet.UnitTests.csproj", "{995AE5C6-7678-4FFB-950F-3EF441F945F3}"
EndProject
Global
	GlobalSection(SolutionConfigurationPlatforms) = preSolution
		Debug|Any CPU = Debug|Any CPU
		Release|Any CPU = Release|Any CPU
	EndGlobalSection
	GlobalSection(ProjectConfigurationPlatforms) = postSolution
		{1B51CBB1-D48C-4A4B-804C-44113849D153}.Debug|Any CPU.ActiveCfg = Debug|Any CPU
		{1B51CBB1-D48C-4A4B-804C-44113849D153}.Debug|Any CPU.Build.0 = Debug|Any CPU
		{1B51CBB1-D48C-4A4B-804C-44113849D153}.Release|Any CPU.ActiveCfg = Release|Any CPU
		{1B51CBB1-D48C-4A4B-804C-44113849D153}.Release|Any CPU.Build.0 = Release|Any CPU
		{07A7698F-3F88-4ECC-B449-5487E6E8F28F}.Debug|Any CPU.ActiveCfg = Debug|Any CPU
		{07A7698F-3F88-4ECC-B449-5487E6E8F28F}.Debug|Any CPU.Build.0 = Debug|Any CPU
		{07A7698F-3F88-4ECC-B449-5487E6E8F28F}.Release|Any CPU.ActiveCfg = Release|Any CPU
		{07A7698F-3F88-4ECC-B449-5487E6E8F28F}.Release|Any CPU.Build.0 = Release|Any CPU
		{995AE5C6-7678-4FFB-950F-3EF441F945F3}.Debug|Any CPU.ActiveCfg = Debug|Any CPU
		{995AE5C6-7678-4FFB-950F-3EF441F945F3}.Debug|Any CPU.Build.0 = Debug|Any CPU
		{995AE5C6-7678-4FFB-950F-3EF441F945F3}.Release|Any CPU.ActiveCfg = Release|Any CPU
		{995AE5C6-7678-4FFB-950F-3EF441F945F3}.Release|Any CPU.Build.0 = Release|Any CPU
	EndGlobalSection
	GlobalSection(SolutionProperties) = preSolution
		HideSolutionNode = FALSE
	EndGlobalSection
EndGlobal
